// !$*UTF8*$!
{
	archiveVersion = 1;
	classes = {
	};
	objectVersion = 50;
	objects = {

/* Begin PBXBuildFile section */
		953CDD7026A759230003AD63 /* CardView.swift in Sources */ = {isa = PBXBuildFile; fileRef = 953CDD6F26A759230003AD63 /* CardView.swift */; };
		95652B4326A2395000F3A97C /* myapp2App.swift in Sources */ = {isa = PBXBuildFile; fileRef = 95652B4226A2395000F3A97C /* myapp2App.swift */; };
		95652B4526A2395000F3A97C /* ContentView.swift in Sources */ = {isa = PBXBuildFile; fileRef = 95652B4426A2395000F3A97C /* ContentView.swift */; };
		95652B4726A2395100F3A97C /* Assets.xcassets in Resources */ = {isa = PBXBuildFile; fileRef = 95652B4626A2395100F3A97C /* Assets.xcassets */; };
		95652B4A26A2395100F3A97C /* Preview Assets.xcassets in Resources */ = {isa = PBXBuildFile; fileRef = 95652B4926A2395100F3A97C /* Preview Assets.xcassets */; };
		95652B5526A2395100F3A97C /* myapp2Tests.swift in Sources */ = {isa = PBXBuildFile; fileRef = 95652B5426A2395100F3A97C /* myapp2Tests.swift */; };
		95652B6026A2395100F3A97C /* myapp2UITests.swift in Sources */ = {isa = PBXBuildFile; fileRef = 95652B5F26A2395100F3A97C /* myapp2UITests.swift */; };
		95D9AFF526A9AA2600DA5CE2 /* Sounds in Resources */ = {isa = PBXBuildFile; fileRef = 95D9AFF426A9AA2600DA5CE2 /* Sounds */; };
/* End PBXBuildFile section */

/* Begin PBXContainerItemProxy section */
		95652B5126A2395100F3A97C /* PBXContainerItemProxy */ = {
			isa = PBXContainerItemProxy;
			containerPortal = 95652B3726A2395000F3A97C /* Project object */;
			proxyType = 1;
			remoteGlobalIDString = 95652B3E26A2395000F3A97C;
			remoteInfo = myapp2;
		};
		95652B5C26A2395100F3A97C /* PBXContainerItemProxy */ = {
			isa = PBXContainerItemProxy;
			containerPortal = 95652B3726A2395000F3A97C /* Project object */;
			proxyType = 1;
			remoteGlobalIDString = 95652B3E26A2395000F3A97C;
			remoteInfo = myapp2;
		};
/* End PBXContainerItemProxy section */

/* Begin PBXFileReference section */
		953CDD6F26A759230003AD63 /* CardView.swift */ = {isa = PBXFileReference; lastKnownFileType = sourcecode.swift; path = CardView.swift; sourceTree = "<group>"; };
		95652B3F26A2395000F3A97C /* myapp2.app */ = {isa = PBXFileReference; explicitFileType = wrapper.application; includeInIndex = 0; path = myapp2.app; sourceTree = BUILT_PRODUCTS_DIR; };
		95652B4226A2395000F3A97C /* myapp2App.swift */ = {isa = PBXFileReference; lastKnownFileType = sourcecode.swift; path = myapp2App.swift; sourceTree = "<group>"; };
		95652B4426A2395000F3A97C /* ContentView.swift */ = {isa = PBXFileReference; lastKnownFileType = sourcecode.swift; path = ContentView.swift; sourceTree = "<group>"; };
		95652B4626A2395100F3A97C /* Assets.xcassets */ = {isa = PBXFileReference; lastKnownFileType = folder.assetcatalog; path = Assets.xcassets; sourceTree = "<group>"; };
		95652B4926A2395100F3A97C /* Preview Assets.xcassets */ = {isa = PBXFileReference; lastKnownFileType = folder.assetcatalog; path = "Preview Assets.xcassets"; sourceTree = "<group>"; };
		95652B4B26A2395100F3A97C /* Info.plist */ = {isa = PBXFileReference; lastKnownFileType = text.plist.xml; path = Info.plist; sourceTree = "<group>"; };
		95652B5026A2395100F3A97C /* myapp2Tests.xctest */ = {isa = PBXFileReference; explicitFileType = wrapper.cfbundle; includeInIndex = 0; path = myapp2Tests.xctest; sourceTree = BUILT_PRODUCTS_DIR; };
		95652B5426A2395100F3A97C /* myapp2Tests.swift */ = {isa = PBXFileReference; lastKnownFileType = sourcecode.swift; path = myapp2Tests.swift; sourceTree = "<group>"; };
		95652B5626A2395100F3A97C /* Info.plist */ = {isa = PBXFileReference; lastKnownFileType = text.plist.xml; path = Info.plist; sourceTree = "<group>"; };
		95652B5B26A2395100F3A97C /* myapp2UITests.xctest */ = {isa = PBXFileReference; explicitFileType = wrapper.cfbundle; includeInIndex = 0; path = myapp2UITests.xctest; sourceTree = BUILT_PRODUCTS_DIR; };
		95652B5F26A2395100F3A97C /* myapp2UITests.swift */ = {isa = PBXFileReference; lastKnownFileType = sourcecode.swift; path = myapp2UITests.swift; sourceTree = "<group>"; };
		95652B6126A2395100F3A97C /* Info.plist */ = {isa = PBXFileReference; lastKnownFileType = text.plist.xml; path = Info.plist; sourceTree = "<group>"; };
		95D9AFF426A9AA2600DA5CE2 /* Sounds */ = {isa = PBXFileReference; fileEncoding = 4; lastKnownFileType = text; path = Sounds; sourceTree = SOURCE_ROOT; };
/* End PBXFileReference section */

/* Begin PBXFrameworksBuildPhase section */
		95652B3C26A2395000F3A97C /* Frameworks */ = {
			isa = PBXFrameworksBuildPhase;
			buildActionMask = 2147483647;
			files = (
			);
			runOnlyForDeploymentPostprocessing = 0;
		};
		95652B4D26A2395100F3A97C /* Frameworks */ = {
			isa = PBXFrameworksBuildPhase;
			buildActionMask = 2147483647;
			files = (
			);
			runOnlyForDeploymentPostprocessing = 0;
		};
		95652B5826A2395100F3A97C /* Frameworks */ = {
			isa = PBXFrameworksBuildPhase;
			buildActionMask = 2147483647;
			files = (
			);
			runOnlyForDeploymentPostprocessing = 0;
		};
/* End PBXFrameworksBuildPhase section */

/* Begin PBXGroup section */
		95652B3626A2395000F3A97C = {
			isa = PBXGroup;
			children = (
				95652B4126A2395000F3A97C /* myapp2 */,
				95652B5326A2395100F3A97C /* myapp2Tests */,
				95652B5E26A2395100F3A97C /* myapp2UITests */,
				95652B4026A2395000F3A97C /* Products */,
			);
			sourceTree = "<group>";
		};
		95652B4026A2395000F3A97C /* Products */ = {
			isa = PBXGroup;
			children = (
				95652B3F26A2395000F3A97C /* myapp2.app */,
				95652B5026A2395100F3A97C /* myapp2Tests.xctest */,
				95652B5B26A2395100F3A97C /* myapp2UITests.xctest */,
			);
			name = Products;
			sourceTree = "<group>";
		};
		95652B4126A2395000F3A97C /* myapp2 */ = {
			isa = PBXGroup;
			children = (
				95652B4226A2395000F3A97C /* myapp2App.swift */,
				95652B4426A2395000F3A97C /* ContentView.swift */,
				953CDD6F26A759230003AD63 /* CardView.swift */,
				95652B4626A2395100F3A97C /* Assets.xcassets */,
				95D9AFF426A9AA2600DA5CE2 /* Sounds */,
				95652B4B26A2395100F3A97C /* Info.plist */,
				95652B4826A2395100F3A97C /* Preview Content */,
			);
			path = myapp2;
			sourceTree = "<group>";
		};
		95652B4826A2395100F3A97C /* Preview Content */ = {
			isa = PBXGroup;
			children = (
				95652B4926A2395100F3A97C /* Preview Assets.xcassets */,
			);
			path = "Preview Content";
			sourceTree = "<group>";
		};
		95652B5326A2395100F3A97C /* myapp2Tests */ = {
			isa = PBXGroup;
			children = (
				95652B5426A2395100F3A97C /* myapp2Tests.swift */,
				95652B5626A2395100F3A97C /* Info.plist */,
			);
			path = myapp2Tests;
			sourceTree = "<group>";
		};
		95652B5E26A2395100F3A97C /* myapp2UITests */ = {
			isa = PBXGroup;
			children = (
				95652B5F26A2395100F3A97C /* myapp2UITests.swift */,
				95652B6126A2395100F3A97C /* Info.plist */,
			);
			path = myapp2UITests;
			sourceTree = "<group>";
		};
/* End PBXGroup section */

/* Begin PBXNativeTarget section */
		95652B3E26A2395000F3A97C /* myapp2 */ = {
			isa = PBXNativeTarget;
			buildConfigurationList = 95652B6426A2395200F3A97C /* Build configuration list for PBXNativeTarget "myapp2" */;
			buildPhases = (
				95652B3B26A2395000F3A97C /* Sources */,
				95652B3C26A2395000F3A97C /* Frameworks */,
				95652B3D26A2395000F3A97C /* Resources */,
			);
			buildRules = (
			);
			dependencies = (
			);
			name = myapp2;
			productName = myapp2;
			productReference = 95652B3F26A2395000F3A97C /* myapp2.app */;
			productType = "com.apple.product-type.application";
		};
		95652B4F26A2395100F3A97C /* myapp2Tests */ = {
			isa = PBXNativeTarget;
			buildConfigurationList = 95652B6726A2395200F3A97C /* Build configuration list for PBXNativeTarget "myapp2Tests" */;
			buildPhases = (
				95652B4C26A2395100F3A97C /* Sources */,
				95652B4D26A2395100F3A97C /* Frameworks */,
				95652B4E26A2395100F3A97C /* Resources */,
			);
			buildRules = (
			);
			dependencies = (
				95652B5226A2395100F3A97C /* PBXTargetDependency */,
			);
			name = myapp2Tests;
			productName = myapp2Tests;
			productReference = 95652B5026A2395100F3A97C /* myapp2Tests.xctest */;
			productType = "com.apple.product-type.bundle.unit-test";
		};
		95652B5A26A2395100F3A97C /* myapp2UITests */ = {
			isa = PBXNativeTarget;
			buildConfigurationList = 95652B6A26A2395200F3A97C /* Build configuration list for PBXNativeTarget "myapp2UITests" */;
			buildPhases = (
				95652B5726A2395100F3A97C /* Sources */,
				95652B5826A2395100F3A97C /* Frameworks */,
				95652B5926A2395100F3A97C /* Resources */,
			);
			buildRules = (
			);
			dependencies = (
				95652B5D26A2395100F3A97C /* PBXTargetDependency */,
			);
			name = myapp2UITests;
			productName = myapp2UITests;
			productReference = 95652B5B26A2395100F3A97C /* myapp2UITests.xctest */;
			productType = "com.apple.product-type.bundle.ui-testing";
		};
/* End PBXNativeTarget section */

/* Begin PBXProject section */
		95652B3726A2395000F3A97C /* Project object */ = {
			isa = PBXProject;
			attributes = {
				LastSwiftUpdateCheck = 1250;
				LastUpgradeCheck = 1250;
				TargetAttributes = {
					95652B3E26A2395000F3A97C = {
						CreatedOnToolsVersion = 12.5.1;
					};
					95652B4F26A2395100F3A97C = {
						CreatedOnToolsVersion = 12.5.1;
						TestTargetID = 95652B3E26A2395000F3A97C;
					};
					95652B5A26A2395100F3A97C = {
						CreatedOnToolsVersion = 12.5.1;
						TestTargetID = 95652B3E26A2395000F3A97C;
					};
				};
			};
			buildConfigurationList = 95652B3A26A2395000F3A97C /* Build configuration list for PBXProject "myapp2" */;
			compatibilityVersion = "Xcode 9.3";
			developmentRegion = en;
			hasScannedForEncodings = 0;
			knownRegions = (
				en,
				Base,
			);
			mainGroup = 95652B3626A2395000F3A97C;
			productRefGroup = 95652B4026A2395000F3A97C /* Products */;
			projectDirPath = "";
			projectRoot = "";
			targets = (
				95652B3E26A2395000F3A97C /* myapp2 */,
				95652B4F26A2395100F3A97C /* myapp2Tests */,
				95652B5A26A2395100F3A97C /* myapp2UITests */,
			);
		};
/* End PBXProject section */

/* Begin PBXResourcesBuildPhase section */
		95652B3D26A2395000F3A97C /* Resources */ = {
			isa = PBXResourcesBuildPhase;
			buildActionMask = 2147483647;
			files = (
				95D9AFF526A9AA2600DA5CE2 /* Sounds in Resources */,
				95652B4A26A2395100F3A97C /* Preview Assets.xcassets in Resources */,
				95652B4726A2395100F3A97C /* Assets.xcassets in Resources */,
			);
			runOnlyForDeploymentPostprocessing = 0;
		};
		95652B4E26A2395100F3A97C /* Resources */ = {
			isa = PBXResourcesBuildPhase;
			buildActionMask = 2147483647;
			files = (
			);
			runOnlyForDeploymentPostprocessing = 0;
		};
		95652B5926A2395100F3A97C /* Resources */ = {
			isa = PBXResourcesBuildPhase;
			buildActionMask = 2147483647;
			files = (
			);
			runOnlyForDeploymentPostprocessing = 0;
		};
/* End PBXResourcesBuildPhase section */

/* Begin PBXSourcesBuildPhase section */
		95652B3B26A2395000F3A97C /* Sources */ = {
			isa = PBXSourcesBuildPhase;
			buildActionMask = 2147483647;
			files = (
				95652B4526A2395000F3A97C /* ContentView.swift in Sources */,
				953CDD7026A759230003AD63 /* CardView.swift in Sources */,
				95652B4326A2395000F3A97C /* myapp2App.swift in Sources */,
			);
			runOnlyForDeploymentPostprocessing = 0;
		};
		95652B4C26A2395100F3A97C /* Sources */ = {
			isa = PBXSourcesBuildPhase;
			buildActionMask = 2147483647;
			files = (
				95652B5526A2395100F3A97C /* myapp2Tests.swift in Sources */,
			);
			runOnlyForDeploymentPostprocessing = 0;
		};
		95652B5726A2395100F3A97C /* Sources */ = {
			isa = PBXSourcesBuildPhase;
			buildActionMask = 2147483647;
			files = (
				95652B6026A2395100F3A97C /* myapp2UITests.swift in Sources */,
			);
			runOnlyForDeploymentPostprocessing = 0;
		};
/* End PBXSourcesBuildPhase section */

/* Begin PBXTargetDependency section */
		95652B5226A2395100F3A97C /* PBXTargetDependency */ = {
			isa = PBXTargetDependency;
			target = 95652B3E26A2395000F3A97C /* myapp2 */;
			targetProxy = 95652B5126A2395100F3A97C /* PBXContainerItemProxy */;
		};
		95652B5D26A2395100F3A97C /* PBXTargetDependency */ = {
			isa = PBXTargetDependency;
			target = 95652B3E26A2395000F3A97C /* myapp2 */;
			targetProxy = 95652B5C26A2395100F3A97C /* PBXContainerItemProxy */;
		};
/* End PBXTargetDependency section */

/* Begin XCBuildConfiguration section */
		95652B6226A2395100F3A97C /* Debug */ = {
			isa = XCBuildConfiguration;
			buildSettings = {
				ALWAYS_SEARCH_USER_PATHS = NO;
				CLANG_ANALYZER_NONNULL = YES;
				CLANG_ANALYZER_NUMBER_OBJECT_CONVERSION = YES_AGGRESSIVE;
				CLANG_CXX_LANGUAGE_STANDARD = "gnu++14";
				CLANG_CXX_LIBRARY = "libc++";
				CLANG_ENABLE_MODULES = YES;
				CLANG_ENABLE_OBJC_ARC = YES;
				CLANG_ENABLE_OBJC_WEAK = YES;
				CLANG_WARN_BLOCK_CAPTURE_AUTORELEASING = YES;
				CLANG_WARN_BOOL_CONVERSION = YES;
				CLANG_WARN_COMMA = YES;
				CLANG_WARN_CONSTANT_CONVERSION = YES;
				CLANG_WARN_DEPRECATED_OBJC_IMPLEMENTATIONS = YES;
				CLANG_WARN_DIRECT_OBJC_ISA_USAGE = YES_ERROR;
				CLANG_WARN_DOCUMENTATION_COMMENTS = YES;
				CLANG_WARN_EMPTY_BODY = YES;
				CLANG_WARN_ENUM_CONVERSION = YES;
				CLANG_WARN_INFINITE_RECURSION = YES;
				CLANG_WARN_INT_CONVERSION = YES;
				CLANG_WARN_NON_LITERAL_NULL_CONVERSION = YES;
				CLANG_WARN_OBJC_IMPLICIT_RETAIN_SELF = YES;
				CLANG_WARN_OBJC_LITERAL_CONVERSION = YES;
				CLANG_WARN_OBJC_ROOT_CLASS = YES_ERROR;
				CLANG_WARN_QUOTED_INCLUDE_IN_FRAMEWORK_HEADER = YES;
				CLANG_WARN_RANGE_LOOP_ANALYSIS = YES;
				CLANG_WARN_STRICT_PROTOTYPES = YES;
				CLANG_WARN_SUSPICIOUS_MOVE = YES;
				CLANG_WARN_UNGUARDED_AVAILABILITY = YES_AGGRESSIVE;
				CLANG_WARN_UNREACHABLE_CODE = YES;
				CLANG_WARN__DUPLICATE_METHOD_MATCH = YES;
				COPY_PHASE_STRIP = NO;
				DEBUG_INFORMATION_FORMAT = dwarf;
				ENABLE_STRICT_OBJC_MSGSEND = YES;
				ENABLE_TESTABILITY = YES;
				GCC_C_LANGUAGE_STANDARD = gnu11;
				GCC_DYNAMIC_NO_PIC = NO;
				GCC_NO_COMMON_BLOCKS = YES;
				GCC_OPTIMIZATION_LEVEL = 0;
				GCC_PREPROCESSOR_DEFINITIONS = (
					"DEBUG=1",
					"$(inherited)",
				);
				GCC_WARN_64_TO_32_BIT_CONVERSION = YES;
				GCC_WARN_ABOUT_RETURN_TYPE = YES_ERROR;
				GCC_WARN_UNDECLARED_SELECTOR = YES;
				GCC_WARN_UNINITIALIZED_AUTOS = YES_AGGRESSIVE;
				GCC_WARN_UNUSED_FUNCTION = YES;
				GCC_WARN_UNUSED_VARIABLE = YES;
				IPHONEOS_DEPLOYMENT_TARGET = 14.5;
				MTL_ENABLE_DEBUG_INFO = INCLUDE_SOURCE;
				MTL_FAST_MATH = YES;
				ONLY_ACTIVE_ARCH = YES;
				SDKROOT = iphoneos;
				SWIFT_ACTIVE_COMPILATION_CONDITIONS = DEBUG;
				SWIFT_OPTIMIZATION_LEVEL = "-Onone";
			};
			name = Debug;
		};
		95652B6326A2395100F3A97C /* Release */ = {
			isa = XCBuildConfiguration;
			buildSettings = {
				ALWAYS_SEARCH_USER_PATHS = NO;
				CLANG_ANALYZER_NONNULL = YES;
				CLANG_ANALYZER_NUMBER_OBJECT_CONVERSION = YES_AGGRESSIVE;
				CLANG_CXX_LANGUAGE_STANDARD = "gnu++14";
				CLANG_CXX_LIBRARY = "libc++";
				CLANG_ENABLE_MODULES = YES;
				CLANG_ENABLE_OBJC_ARC = YES;
				CLANG_ENABLE_OBJC_WEAK = YES;
				CLANG_WARN_BLOCK_CAPTURE_AUTORELEASING = YES;
				CLANG_WARN_BOOL_CONVERSION = YES;
				CLANG_WARN_COMMA = YES;
				CLANG_WARN_CONSTANT_CONVERSION = YES;
				CLANG_WARN_DEPRECATED_OBJC_IMPLEMENTATIONS = YES;
				CLANG_WARN_DIRECT_OBJC_ISA_USAGE = YES_ERROR;
				CLANG_WARN_DOCUMENTATION_COMMENTS = YES;
				CLANG_WARN_EMPTY_BODY = YES;
				CLANG_WARN_ENUM_CONVERSION = YES;
				CLANG_WARN_INFINITE_RECURSION = YES;
				CLANG_WARN_INT_CONVERSION = YES;
				CLANG_WARN_NON_LITERAL_NULL_CONVERSION = YES;
				CLANG_WARN_OBJC_IMPLICIT_RETAIN_SELF = YES;
				CLANG_WARN_OBJC_LITERAL_CONVERSION = YES;
				CLANG_WARN_OBJC_ROOT_CLASS = YES_ERROR;
				CLANG_WARN_QUOTED_INCLUDE_IN_FRAMEWORK_HEADER = YES;
				CLANG_WARN_RANGE_LOOP_ANALYSIS = YES;
				CLANG_WARN_STRICT_PROTOTYPES = YES;
				CLANG_WARN_SUSPICIOUS_MOVE = YES;
				CLANG_WARN_UNGUARDED_AVAILABILITY = YES_AGGRESSIVE;
				CLANG_WARN_UNREACHABLE_CODE = YES;
				CLANG_WARN__DUPLICATE_METHOD_MATCH = YES;
				COPY_PHASE_STRIP = NO;
				DEBUG_INFORMATION_FORMAT = "dwarf-with-dsym";
				ENABLE_NS_ASSERTIONS = NO;
				ENABLE_STRICT_OBJC_MSGSEND = YES;
				GCC_C_LANGUAGE_STANDARD = gnu11;
				GCC_NO_COMMON_BLOCKS = YES;
				GCC_WARN_64_TO_32_BIT_CONVERSION = YES;
				GCC_WARN_ABOUT_RETURN_TYPE = YES_ERROR;
				GCC_WARN_UNDECLARED_SELECTOR = YES;
				GCC_WARN_UNINITIALIZED_AUTOS = YES_AGGRESSIVE;
				GCC_WARN_UNUSED_FUNCTION = YES;
				GCC_WARN_UNUSED_VARIABLE = YES;
				IPHONEOS_DEPLOYMENT_TARGET = 14.5;
				MTL_ENABLE_DEBUG_INFO = NO;
				MTL_FAST_MATH = YES;
				SDKROOT = iphoneos;
				SWIFT_COMPILATION_MODE = wholemodule;
				SWIFT_OPTIMIZATION_LEVEL = "-O";
				VALIDATE_PRODUCT = YES;
			};
			name = Release;
		};
		95652B6526A2395200F3A97C /* Debug */ = {
			isa = XCBuildConfiguration;
			buildSettings = {
				ASSETCATALOG_COMPILER_APPICON_NAME = AppIcon;
				ASSETCATALOG_COMPILER_GLOBAL_ACCENT_COLOR_NAME = AccentColor;
				CODE_SIGN_STYLE = Automatic;
				DEVELOPMENT_ASSET_PATHS = "\"myapp2/Preview Content\"";
				DEVELOPMENT_TEAM = YX9P485BR2;
				ENABLE_PREVIEWS = YES;
				INFOPLIST_FILE = myapp2/Info.plist;
				IPHONEOS_DEPLOYMENT_TARGET = 14.0;
				LD_RUNPATH_SEARCH_PATHS = (
					"$(inherited)",
					"@executable_path/Frameworks",
				);
				PRODUCT_BUNDLE_IDENTIFIER = "kenni-kollemorten.myapp2";
				PRODUCT_NAME = "$(TARGET_NAME)";
				SWIFT_VERSION = 5.0;
				TARGETED_DEVICE_FAMILY = "1,2";
			};
			name = Debug;
		};
		95652B6626A2395200F3A97C /* Release */ = {
			isa = XCBuildConfiguration;
			buildSettings = {
				ASSETCATALOG_COMPILER_APPICON_NAME = AppIcon;
				ASSETCATALOG_COMPILER_GLOBAL_ACCENT_COLOR_NAME = AccentColor;
				CODE_SIGN_STYLE = Automatic;
				DEVELOPMENT_ASSET_PATHS = "\"myapp2/Preview Content\"";
				DEVELOPMENT_TEAM = YX9P485BR2;
				ENABLE_PREVIEWS = YES;
				INFOPLIST_FILE = myapp2/Info.plist;
				IPHONEOS_DEPLOYMENT_TARGET = 14.0;
				LD_RUNPATH_SEARCH_PATHS = (
					"$(inherited)",
					"@executable_path/Frameworks",
				);
				PRODUCT_BUNDLE_IDENTIFIER = "kenni-kollemorten.myapp2";
				PRODUCT_NAME = "$(TARGET_NAME)";
				SWIFT_VERSION = 5.0;
				TARGETED_DEVICE_FAMILY = "1,2";
			};
			name = Release;
		};
		95652B6826A2395200F3A97C /* Debug */ = {
			isa = XCBuildConfiguration;
			buildSettings = {
				ALWAYS_EMBED_SWIFT_STANDARD_LIBRARIES = YES;
				BUNDLE_LOADER = "$(TEST_HOST)";
				CODE_SIGN_STYLE = Automatic;
				DEVELOPMENT_TEAM = YX9P485BR2;
				INFOPLIST_FILE = myapp2Tests/Info.plist;
				IPHONEOS_DEPLOYMENT_TARGET = 14.0;
				LD_RUNPATH_SEARCH_PATHS = (
					"$(inherited)",
					"@executable_path/Frameworks",
					"@loader_path/Frameworks",
				);
				PRODUCT_BUNDLE_IDENTIFIER = "kenni-kollemorten.myapp2Tests";
				PRODUCT_NAME = "$(TARGET_NAME)";
				SWIFT_VERSION = 5.0;
				TARGETED_DEVICE_FAMILY = "1,2";
				TEST_HOST = "$(BUILT_PRODUCTS_DIR)/myapp2.app/myapp2";
			};
			name = Debug;
		};
		95652B6926A2395200F3A97C /* Release */ = {
			isa = XCBuildConfiguration;
			buildSettings = {
				ALWAYS_EMBED_SWIFT_STANDARD_LIBRARIES = YES;
				BUNDLE_LOADER = "$(TEST_HOST)";
				CODE_SIGN_STYLE = Automatic;
				DEVELOPMENT_TEAM = YX9P485BR2;
				INFOPLIST_FILE = myapp2Tests/Info.plist;
				IPHONEOS_DEPLOYMENT_TARGET = 14.0;
				LD_RUNPATH_SEARCH_PATHS = (
					"$(inherited)",
					"@executable_path/Frameworks",
					"@loader_path/Frameworks",
				);
				PRODUCT_BUNDLE_IDENTIFIER = "kenni-kollemorten.myapp2Tests";
				PRODUCT_NAME = "$(TARGET_NAME)";
				SWIFT_VERSION = 5.0;
				TARGETED_DEVICE_FAMILY = "1,2";
				TEST_HOST = "$(BUILT_PRODUCTS_DIR)/myapp2.app/myapp2";
			};
			name = Release;
		};
		95652B6B26A2395200F3A97C /* Debug */ = {
			isa = XCBuildConfiguration;
			buildSettings = {
				ALWAYS_EMBED_SWIFT_STANDARD_LIBRARIES = YES;
				CODE_SIGN_STYLE = Automatic;
				DEVELOPMENT_TEAM = YX9P485BR2;
				INFOPLIST_FILE = myapp2UITests/Info.plist;
				LD_RUNPATH_SEARCH_PATHS = (
					"$(inherited)",
					"@executable_path/Frameworks",
					"@loader_path/Frameworks",
				);
				PRODUCT_BUNDLE_IDENTIFIER = "kenni-kollemorten.myapp2UITests";
				PRODUCT_NAME = "$(TARGET_NAME)";
				SWIFT_VERSION = 5.0;
				TARGETED_DEVICE_FAMILY = "1,2";
				TEST_TARGET_NAME = myapp2;
			};
			name = Debug;
		};
		95652B6C26A2395200F3A97C /* Release */ = {
			isa = XCBuildConfiguration;
			buildSettings = {
				ALWAYS_EMBED_SWIFT_STANDARD_LIBRARIES = YES;
				CODE_SIGN_STYLE = Automatic;
				DEVELOPMENT_TEAM = YX9P485BR2;
				INFOPLIST_FILE = myapp2UITests/Info.plist;
				LD_RUNPATH_SEARCH_PATHS = (
					"$(inherited)",
					"@executable_path/Frameworks",
					"@loader_path/Frameworks",
				);
				PRODUCT_BUNDLE_IDENTIFIER = "kenni-kollemorten.myapp2UITests";
				PRODUCT_NAME = "$(TARGET_NAME)";
				SWIFT_VERSION = 5.0;
				TARGETED_DEVICE_FAMILY = "1,2";
				TEST_TARGET_NAME = myapp2;
			};
			name = Release;
		};
/* End XCBuildConfiguration section */

/* Begin XCConfigurationList section */
		95652B3A26A2395000F3A97C /* Build configuration list for PBXProject "myapp2" */ = {
			isa = XCConfigurationList;
			buildConfigurations = (
				95652B6226A2395100F3A97C /* Debug */,
				95652B6326A2395100F3A97C /* Release */,
			);
			defaultConfigurationIsVisible = 0;
			defaultConfigurationName = Release;
		};
		95652B6426A2395200F3A97C /* Build configuration list for PBXNativeTarget "myapp2" */ = {
			isa = XCConfigurationList;
			buildConfigurations = (
				95652B6526A2395200F3A97C /* Debug */,
				95652B6626A2395200F3A97C /* Release */,
			);
			defaultConfigurationIsVisible = 0;
			defaultConfigurationName = Release;
		};
		95652B6726A2395200F3A97C /* Build configuration list for PBXNativeTarget "myapp2Tests" */ = {
			isa = XCConfigurationList;
			buildConfigurations = (
				95652B6826A2395200F3A97C /* Debug */,
				95652B6926A2395200F3A97C /* Release */,
			);
			defaultConfigurationIsVisible = 0;
			defaultConfigurationName = Release;
		};
		95652B6A26A2395200F3A97C /* Build configuration list for PBXNativeTarget "myapp2UITests" */ = {
			isa = XCConfigurationList;
			buildConfigurations = (
				95652B6B26A2395200F3A97C /* Debug */,
				95652B6C26A2395200F3A97C /* Release */,
			);
			defaultConfigurationIsVisible = 0;
			defaultConfigurationName = Release;
		};
/* End XCConfigurationList section */
	};
	rootObject = 95652B3726A2395000F3A97C /* Project object */;
}
